
Microsoft Visual Studio Solution File, Format Version 12.00
# 
Project("{FAE04EC0-301F-11D3-BF4B-00C04F79EFBC}") = "Nascimento.Software.University.Domain", "Nascimento.Software.University.Domain\Nascimento.Software.University.Domain.csproj", "{18F24458-D239-4946-888C-57D46C4F297B}"
EndProject
Project("{FAE04EC0-301F-11D3-BF4B-00C04F79EFBC}") = "University.Tests", "Nascimento.Software.University.Tests\University.Tests.csproj", "{CCE49E63-B38E-4E0E-B447-9A5A416CDC27}"
EndProject
Global
	GlobalSection(SolutionConfigurationPlatforms) = preSolution
		Debug|Any CPU = Debug|Any CPU
		Release|Any CPU = Release|Any CPU
	EndGlobalSection
	GlobalSection(ProjectConfigurationPlatforms) = postSolution
		{18F24458-D239-4946-888C-57D46C4F297B}.Debug|Any CPU.ActiveCfg = Debug|Any CPU
		{18F24458-D239-4946-888C-57D46C4F297B}.Debug|Any CPU.Build.0 = Debug|Any CPU
		{18F24458-D239-4946-888C-57D46C4F297B}.Release|Any CPU.ActiveCfg = Release|Any CPU
		{18F24458-D239-4946-888C-57D46C4F297B}.Release|Any CPU.Build.0 = Release|Any CPU
		{CCE49E63-B38E-4E0E-B447-9A5A416CDC27}.Debug|Any CPU.ActiveCfg = Debug|Any CPU
		{CCE49E63-B38E-4E0E-B447-9A5A416CDC27}.Debug|Any CPU.Build.0 = Debug|Any CPU
		{CCE49E63-B38E-4E0E-B447-9A5A416CDC27}.Release|Any CPU.ActiveCfg = Release|Any CPU
		{CCE49E63-B38E-4E0E-B447-9A5A416CDC27}.Release|Any CPU.Build.0 = Release|Any CPU
	EndGlobalSection
EndGlobal
